{
  "requires": true,
  "lockfileVersion": 1,
  "dependencies": {
    "bulma": {
      "version": "0.9.1",
      "resolved": "https://registry.npmjs.org/bulma/-/bulma-0.9.1.tgz",
      "integrity": "sha512-LSF69OumXg2HSKl2+rN0/OEXJy7WFEb681wtBlNS/ulJYR27J3rORHibdXZ6GVb/vyUzzYK/Arjyh56wjbFedA=="
    },
    "bulma-start": {
      "version": "0.0.4",
      "resolved": "https://registry.npmjs.org/bulma-start/-/bulma-start-0.0.4.tgz",
      "integrity": "sha512-/PbhZBs1tIqnU75eh1SVWKC2DeW+xtQaaKITRksvmlCSTp8BH88JJk+gML3XCGE2LhSWyHTT+AIh6mwtUyjlxQ=="
    }
  }
}
